
Microsoft Visual Studio Solution File, Format Version 12.00
# Visual Studio Version 16
VisualStudioVersion = 16.0.29905.134
MinimumVisualStudioVersion = 10.0.40219.1
Project("{9A19103F-16F7-4668-BE54-9A1E7A4F7556}") = "ZDeals.Api", "ZDeals.Api\ZDeals.Api.csproj", "{C0624C51-F641-4285-AD29-117970489A6B}"
EndProject
Project("{9A19103F-16F7-4668-BE54-9A1E7A4F7556}") = "ZDeals.Common", "ZDeals.Common\ZDeals.Common.csproj", "{8CD3C939-3AE2-4AEF-A145-88E159CC779D}"
EndProject
Project("{9A19103F-16F7-4668-BE54-9A1E7A4F7556}") = "ZDeals.Api.Contract", "ZDeals.Api.Contract\ZDeals.Api.Contract.csproj", "{91848013-289A-42E5-97C3-2C3171C9CB54}"
EndProject
Project("{9A19103F-16F7-4668-BE54-9A1E7A4F7556}") = "ZDeals.Data", "ZDeals.Data\ZDeals.Data.csproj", "{0C57EB98-484E-4ED0-AC13-CF45CF4D7EA1}"
EndProject
Project("{9A19103F-16F7-4668-BE54-9A1E7A4F7556}") = "ZDeals.Api.Service", "ZDeals.Api.Service\ZDeals.Api.Service.csproj", "{CCB075D8-DFE7-4D66-9842-09AE6D12BF0D}"
EndProject
Project("{9A19103F-16F7-4668-BE54-9A1E7A4F7556}") = "ZDeals.Storage", "ZDeals.Storage\ZDeals.Storage.csproj", "{29223A4F-B570-4AFA-A85D-19012F137974}"
EndProject
Project("{FAE04EC0-301F-11D3-BF4B-00C04F79EFBC}") = "ZDeals.Identity", "ZDeals.Identity\ZDeals.Identity.csproj", "{8F43D1F3-D874-40B4-A410-1FC3901286F3}"
EndProject
Global
	GlobalSection(SolutionConfigurationPlatforms) = preSolution
		Debug|Any CPU = Debug|Any CPU
		Release|Any CPU = Release|Any CPU
	EndGlobalSection
	GlobalSection(ProjectConfigurationPlatforms) = postSolution
		{C0624C51-F641-4285-AD29-117970489A6B}.Debug|Any CPU.ActiveCfg = Debug|Any CPU
		{C0624C51-F641-4285-AD29-117970489A6B}.Debug|Any CPU.Build.0 = Debug|Any CPU
		{C0624C51-F641-4285-AD29-117970489A6B}.Release|Any CPU.ActiveCfg = Release|Any CPU
		{C0624C51-F641-4285-AD29-117970489A6B}.Release|Any CPU.Build.0 = Release|Any CPU
		{8CD3C939-3AE2-4AEF-A145-88E159CC779D}.Debug|Any CPU.ActiveCfg = Debug|Any CPU
		{8CD3C939-3AE2-4AEF-A145-88E159CC779D}.Debug|Any CPU.Build.0 = Debug|Any CPU
		{8CD3C939-3AE2-4AEF-A145-88E159CC779D}.Release|Any CPU.ActiveCfg = Release|Any CPU
		{8CD3C939-3AE2-4AEF-A145-88E159CC779D}.Release|Any CPU.Build.0 = Release|Any CPU
		{91848013-289A-42E5-97C3-2C3171C9CB54}.Debug|Any CPU.ActiveCfg = Debug|Any CPU
		{91848013-289A-42E5-97C3-2C3171C9CB54}.Debug|Any CPU.Build.0 = Debug|Any CPU
		{91848013-289A-42E5-97C3-2C3171C9CB54}.Release|Any CPU.ActiveCfg = Release|Any CPU
		{91848013-289A-42E5-97C3-2C3171C9CB54}.Release|Any CPU.Build.0 = Release|Any CPU
		{0C57EB98-484E-4ED0-AC13-CF45CF4D7EA1}.Debug|Any CPU.ActiveCfg = Debug|Any CPU
		{0C57EB98-484E-4ED0-AC13-CF45CF4D7EA1}.Debug|Any CPU.Build.0 = Debug|Any CPU
		{0C57EB98-484E-4ED0-AC13-CF45CF4D7EA1}.Release|Any CPU.ActiveCfg = Release|Any CPU
		{0C57EB98-484E-4ED0-AC13-CF45CF4D7EA1}.Release|Any CPU.Build.0 = Release|Any CPU
		{CCB075D8-DFE7-4D66-9842-09AE6D12BF0D}.Debug|Any CPU.ActiveCfg = Debug|Any CPU
		{CCB075D8-DFE7-4D66-9842-09AE6D12BF0D}.Debug|Any CPU.Build.0 = Debug|Any CPU
		{CCB075D8-DFE7-4D66-9842-09AE6D12BF0D}.Release|Any CPU.ActiveCfg = Release|Any CPU
		{CCB075D8-DFE7-4D66-9842-09AE6D12BF0D}.Release|Any CPU.Build.0 = Release|Any CPU
		{29223A4F-B570-4AFA-A85D-19012F137974}.Debug|Any CPU.ActiveCfg = Debug|Any CPU
		{29223A4F-B570-4AFA-A85D-19012F137974}.Debug|Any CPU.Build.0 = Debug|Any CPU
		{29223A4F-B570-4AFA-A85D-19012F137974}.Release|Any CPU.ActiveCfg = Release|Any CPU
		{29223A4F-B570-4AFA-A85D-19012F137974}.Release|Any CPU.Build.0 = Release|Any CPU
		{8F43D1F3-D874-40B4-A410-1FC3901286F3}.Debug|Any CPU.ActiveCfg = Debug|Any CPU
		{8F43D1F3-D874-40B4-A410-1FC3901286F3}.Debug|Any CPU.Build.0 = Debug|Any CPU
		{8F43D1F3-D874-40B4-A410-1FC3901286F3}.Release|Any CPU.ActiveCfg = Release|Any CPU
		{8F43D1F3-D874-40B4-A410-1FC3901286F3}.Release|Any CPU.Build.0 = Release|Any CPU
	EndGlobalSection
	GlobalSection(SolutionProperties) = preSolution
		HideSolutionNode = FALSE
	EndGlobalSection
	GlobalSection(ExtensibilityGlobals) = postSolution
		SolutionGuid = {C239870C-C90F-4014-9DB6-E2DAD84DDE2B}
	EndGlobalSection
EndGlobal
