
Microsoft Visual Studio Solution File, Format Version 12.00
# Visual Studio Version 16
VisualStudioVersion = 16.0.29905.134
MinimumVisualStudioVersion = 10.0.40219.1
Project("{9A19103F-16F7-4668-BE54-9A1E7A4F7556}") = "ZDeals.Api", "ZDeals.Api\ZDeals.Api.csproj", "{C0624C51-F641-4285-AD29-117970489A6B}"
EndProject
Project("{9A19103F-16F7-4668-BE54-9A1E7A4F7556}") = "ZDeals.Common", "ZDeals.Common\ZDeals.Common.csproj", "{8CD3C939-3AE2-4AEF-A145-88E159CC779D}"
EndProject
Project("{9A19103F-16F7-4668-BE54-9A1E7A4F7556}") = "ZDeals.Api.Contract", "ZDeals.Api.Contract\ZDeals.Api.Contract.csproj", "{91848013-289A-42E5-97C3-2C3171C9CB54}"
EndProject
Project("{9A19103F-16F7-4668-BE54-9A1E7A4F7556}") = "ZDeals.Data", "ZDeals.Data\ZDeals.Data.csproj", "{0C57EB98-484E-4ED0-AC13-CF45CF4D7EA1}"
EndProject
Project("{9A19103F-16F7-4668-BE54-9A1E7A4F7556}") = "ZDeals.Api.Service", "ZDeals.Api.Service\ZDeals.Api.Service.csproj", "{CCB075D8-DFE7-4D66-9842-09AE6D12BF0D}"
EndProject
Project("{9A19103F-16F7-4668-BE54-9A1E7A4F7556}") = "ZDeals.Storage", "ZDeals.Storage\ZDeals.Storage.csproj", "{29223A4F-B570-4AFA-A85D-19012F137974}"
EndProject
Project("{2150E333-8FDC-42A3-9474-1A3956D46DE8}") = "Back End", "Back End", "{AE551948-81BE-43BE-82C8-8BD0773836C8}"
EndProject
Project("{2150E333-8FDC-42A3-9474-1A3956D46DE8}") = "Shared", "Shared", "{B007235A-6C85-4CBE-AC03-8283C77CE56D}"
EndProject
Project("{2150E333-8FDC-42A3-9474-1A3956D46DE8}") = "Front End", "Front End", "{32481E2F-6F31-4694-AF2F-DB0380095D17}"
EndProject
Project("{9A19103F-16F7-4668-BE54-9A1E7A4F7556}") = "ZDeals.Web", "ZDeals.Web\ZDeals.Web.csproj", "{5EE03FA8-AEF6-421E-8233-E4280735092A}"
EndProject
Project("{9A19103F-16F7-4668-BE54-9A1E7A4F7556}") = "ZDeals.Web.Sample", "ZDeals.Web.Sample\ZDeals.Web.Sample.csproj", "{F8B3C472-0708-40A0-BF6E-84AF7B122C7A}"
EndProject
Project("{9A19103F-16F7-4668-BE54-9A1E7A4F7556}") = "ZDeals.Web.Service", "ZDeals.Web.Service\ZDeals.Web.Service.csproj", "{6698085C-EB64-4AD5-9131-F938A3D3CBF3}"
EndProject
Project("{9A19103F-16F7-4668-BE54-9A1E7A4F7556}") = "ZDeals.Identity.Service", "ZDeals.Identity.Service\ZDeals.Identity.Service.csproj", "{9015444C-764E-4C26-8D4F-ED97DFD89FB2}"
EndProject
Project("{9A19103F-16F7-4668-BE54-9A1E7A4F7556}") = "ZDeals.Identity", "ZDeals.Identity\ZDeals.Identity.csproj", "{A73EF3D2-2E44-4BAF-A9CC-4C223092969A}"
EndProject
Project("{9A19103F-16F7-4668-BE54-9A1E7A4F7556}") = "ZDeals.Identity.Contract", "ZDeals.Identity.Contract\ZDeals.Identity.Contract.csproj", "{D6A564CC-8709-47F8-AC13-028388D8D2BF}"
EndProject
Project("{2150E333-8FDC-42A3-9474-1A3956D46DE8}") = "Identity", "Identity", "{FFF65AB8-D6C2-45D7-B6E3-4C151DA7A508}"
EndProject
Project("{9A19103F-16F7-4668-BE54-9A1E7A4F7556}") = "ZDeals.Common.AspNetCore", "ZDeals.Common.AspNetCore\ZDeals.Common.AspNetCore.csproj", "{BAD38E5C-8E6E-4F0F-9E18-5F069625D103}"
EndProject
Project("{2150E333-8FDC-42A3-9474-1A3956D46DE8}") = "Storage", "Storage", "{55DADC26-9C87-4039-9DC9-9710ADCF1102}"
EndProject
Project("{9A19103F-16F7-4668-BE54-9A1E7A4F7556}") = "ZDeals.Storage.Picture", "ZDeals.Storage.Picture\ZDeals.Storage.Picture.csproj", "{8EEB8A72-6683-4ACC-9541-60C1CCE4F32B}"
EndProject
Project("{FAE04EC0-301F-11D3-BF4B-00C04F79EFBC}") = "ZDeals.Identity.Data", "ZDeals.Identity.Data\ZDeals.Identity.Data.csproj", "{30DE7E62-EFDC-46FF-965A-CAF30DB78776}"
EndProject
Global
	GlobalSection(SolutionConfigurationPlatforms) = preSolution
		Debug|Any CPU = Debug|Any CPU
		Release|Any CPU = Release|Any CPU
	EndGlobalSection
	GlobalSection(ProjectConfigurationPlatforms) = postSolution
		{C0624C51-F641-4285-AD29-117970489A6B}.Debug|Any CPU.ActiveCfg = Debug|Any CPU
		{C0624C51-F641-4285-AD29-117970489A6B}.Debug|Any CPU.Build.0 = Debug|Any CPU
		{C0624C51-F641-4285-AD29-117970489A6B}.Release|Any CPU.ActiveCfg = Release|Any CPU
		{C0624C51-F641-4285-AD29-117970489A6B}.Release|Any CPU.Build.0 = Release|Any CPU
		{8CD3C939-3AE2-4AEF-A145-88E159CC779D}.Debug|Any CPU.ActiveCfg = Debug|Any CPU
		{8CD3C939-3AE2-4AEF-A145-88E159CC779D}.Debug|Any CPU.Build.0 = Debug|Any CPU
		{8CD3C939-3AE2-4AEF-A145-88E159CC779D}.Release|Any CPU.ActiveCfg = Release|Any CPU
		{8CD3C939-3AE2-4AEF-A145-88E159CC779D}.Release|Any CPU.Build.0 = Release|Any CPU
		{91848013-289A-42E5-97C3-2C3171C9CB54}.Debug|Any CPU.ActiveCfg = Debug|Any CPU
		{91848013-289A-42E5-97C3-2C3171C9CB54}.Debug|Any CPU.Build.0 = Debug|Any CPU
		{91848013-289A-42E5-97C3-2C3171C9CB54}.Release|Any CPU.ActiveCfg = Release|Any CPU
		{91848013-289A-42E5-97C3-2C3171C9CB54}.Release|Any CPU.Build.0 = Release|Any CPU
		{0C57EB98-484E-4ED0-AC13-CF45CF4D7EA1}.Debug|Any CPU.ActiveCfg = Debug|Any CPU
		{0C57EB98-484E-4ED0-AC13-CF45CF4D7EA1}.Debug|Any CPU.Build.0 = Debug|Any CPU
		{0C57EB98-484E-4ED0-AC13-CF45CF4D7EA1}.Release|Any CPU.ActiveCfg = Release|Any CPU
		{0C57EB98-484E-4ED0-AC13-CF45CF4D7EA1}.Release|Any CPU.Build.0 = Release|Any CPU
		{CCB075D8-DFE7-4D66-9842-09AE6D12BF0D}.Debug|Any CPU.ActiveCfg = Debug|Any CPU
		{CCB075D8-DFE7-4D66-9842-09AE6D12BF0D}.Debug|Any CPU.Build.0 = Debug|Any CPU
		{CCB075D8-DFE7-4D66-9842-09AE6D12BF0D}.Release|Any CPU.ActiveCfg = Release|Any CPU
		{CCB075D8-DFE7-4D66-9842-09AE6D12BF0D}.Release|Any CPU.Build.0 = Release|Any CPU
		{29223A4F-B570-4AFA-A85D-19012F137974}.Debug|Any CPU.ActiveCfg = Debug|Any CPU
		{29223A4F-B570-4AFA-A85D-19012F137974}.Debug|Any CPU.Build.0 = Debug|Any CPU
		{29223A4F-B570-4AFA-A85D-19012F137974}.Release|Any CPU.ActiveCfg = Release|Any CPU
		{29223A4F-B570-4AFA-A85D-19012F137974}.Release|Any CPU.Build.0 = Release|Any CPU
		{5EE03FA8-AEF6-421E-8233-E4280735092A}.Debug|Any CPU.ActiveCfg = Debug|Any CPU
		{5EE03FA8-AEF6-421E-8233-E4280735092A}.Debug|Any CPU.Build.0 = Debug|Any CPU
		{5EE03FA8-AEF6-421E-8233-E4280735092A}.Release|Any CPU.ActiveCfg = Release|Any CPU
		{5EE03FA8-AEF6-421E-8233-E4280735092A}.Release|Any CPU.Build.0 = Release|Any CPU
		{F8B3C472-0708-40A0-BF6E-84AF7B122C7A}.Debug|Any CPU.ActiveCfg = Debug|Any CPU
		{F8B3C472-0708-40A0-BF6E-84AF7B122C7A}.Debug|Any CPU.Build.0 = Debug|Any CPU
		{F8B3C472-0708-40A0-BF6E-84AF7B122C7A}.Release|Any CPU.ActiveCfg = Release|Any CPU
		{F8B3C472-0708-40A0-BF6E-84AF7B122C7A}.Release|Any CPU.Build.0 = Release|Any CPU
		{6698085C-EB64-4AD5-9131-F938A3D3CBF3}.Debug|Any CPU.ActiveCfg = Debug|Any CPU
		{6698085C-EB64-4AD5-9131-F938A3D3CBF3}.Debug|Any CPU.Build.0 = Debug|Any CPU
		{6698085C-EB64-4AD5-9131-F938A3D3CBF3}.Release|Any CPU.ActiveCfg = Release|Any CPU
		{6698085C-EB64-4AD5-9131-F938A3D3CBF3}.Release|Any CPU.Build.0 = Release|Any CPU
		{9015444C-764E-4C26-8D4F-ED97DFD89FB2}.Debug|Any CPU.ActiveCfg = Debug|Any CPU
		{9015444C-764E-4C26-8D4F-ED97DFD89FB2}.Debug|Any CPU.Build.0 = Debug|Any CPU
		{9015444C-764E-4C26-8D4F-ED97DFD89FB2}.Release|Any CPU.ActiveCfg = Release|Any CPU
		{9015444C-764E-4C26-8D4F-ED97DFD89FB2}.Release|Any CPU.Build.0 = Release|Any CPU
		{A73EF3D2-2E44-4BAF-A9CC-4C223092969A}.Debug|Any CPU.ActiveCfg = Debug|Any CPU
		{A73EF3D2-2E44-4BAF-A9CC-4C223092969A}.Debug|Any CPU.Build.0 = Debug|Any CPU
		{A73EF3D2-2E44-4BAF-A9CC-4C223092969A}.Release|Any CPU.ActiveCfg = Release|Any CPU
		{A73EF3D2-2E44-4BAF-A9CC-4C223092969A}.Release|Any CPU.Build.0 = Release|Any CPU
		{D6A564CC-8709-47F8-AC13-028388D8D2BF}.Debug|Any CPU.ActiveCfg = Debug|Any CPU
		{D6A564CC-8709-47F8-AC13-028388D8D2BF}.Debug|Any CPU.Build.0 = Debug|Any CPU
		{D6A564CC-8709-47F8-AC13-028388D8D2BF}.Release|Any CPU.ActiveCfg = Release|Any CPU
		{D6A564CC-8709-47F8-AC13-028388D8D2BF}.Release|Any CPU.Build.0 = Release|Any CPU
		{BAD38E5C-8E6E-4F0F-9E18-5F069625D103}.Debug|Any CPU.ActiveCfg = Debug|Any CPU
		{BAD38E5C-8E6E-4F0F-9E18-5F069625D103}.Debug|Any CPU.Build.0 = Debug|Any CPU
		{BAD38E5C-8E6E-4F0F-9E18-5F069625D103}.Release|Any CPU.ActiveCfg = Release|Any CPU
		{BAD38E5C-8E6E-4F0F-9E18-5F069625D103}.Release|Any CPU.Build.0 = Release|Any CPU
		{8EEB8A72-6683-4ACC-9541-60C1CCE4F32B}.Debug|Any CPU.ActiveCfg = Debug|Any CPU
		{8EEB8A72-6683-4ACC-9541-60C1CCE4F32B}.Debug|Any CPU.Build.0 = Debug|Any CPU
		{8EEB8A72-6683-4ACC-9541-60C1CCE4F32B}.Release|Any CPU.ActiveCfg = Release|Any CPU
		{8EEB8A72-6683-4ACC-9541-60C1CCE4F32B}.Release|Any CPU.Build.0 = Release|Any CPU
		{30DE7E62-EFDC-46FF-965A-CAF30DB78776}.Debug|Any CPU.ActiveCfg = Debug|Any CPU
		{30DE7E62-EFDC-46FF-965A-CAF30DB78776}.Debug|Any CPU.Build.0 = Debug|Any CPU
		{30DE7E62-EFDC-46FF-965A-CAF30DB78776}.Release|Any CPU.ActiveCfg = Release|Any CPU
		{30DE7E62-EFDC-46FF-965A-CAF30DB78776}.Release|Any CPU.Build.0 = Release|Any CPU
	EndGlobalSection
	GlobalSection(SolutionProperties) = preSolution
		HideSolutionNode = FALSE
	EndGlobalSection
	GlobalSection(NestedProjects) = preSolution
		{C0624C51-F641-4285-AD29-117970489A6B} = {AE551948-81BE-43BE-82C8-8BD0773836C8}
		{8CD3C939-3AE2-4AEF-A145-88E159CC779D} = {B007235A-6C85-4CBE-AC03-8283C77CE56D}
		{91848013-289A-42E5-97C3-2C3171C9CB54} = {AE551948-81BE-43BE-82C8-8BD0773836C8}
		{0C57EB98-484E-4ED0-AC13-CF45CF4D7EA1} = {B007235A-6C85-4CBE-AC03-8283C77CE56D}
		{CCB075D8-DFE7-4D66-9842-09AE6D12BF0D} = {AE551948-81BE-43BE-82C8-8BD0773836C8}
		{29223A4F-B570-4AFA-A85D-19012F137974} = {55DADC26-9C87-4039-9DC9-9710ADCF1102}
		{5EE03FA8-AEF6-421E-8233-E4280735092A} = {32481E2F-6F31-4694-AF2F-DB0380095D17}
		{F8B3C472-0708-40A0-BF6E-84AF7B122C7A} = {32481E2F-6F31-4694-AF2F-DB0380095D17}
		{6698085C-EB64-4AD5-9131-F938A3D3CBF3} = {32481E2F-6F31-4694-AF2F-DB0380095D17}
		{9015444C-764E-4C26-8D4F-ED97DFD89FB2} = {FFF65AB8-D6C2-45D7-B6E3-4C151DA7A508}
		{A73EF3D2-2E44-4BAF-A9CC-4C223092969A} = {FFF65AB8-D6C2-45D7-B6E3-4C151DA7A508}
		{D6A564CC-8709-47F8-AC13-028388D8D2BF} = {FFF65AB8-D6C2-45D7-B6E3-4C151DA7A508}
		{BAD38E5C-8E6E-4F0F-9E18-5F069625D103} = {B007235A-6C85-4CBE-AC03-8283C77CE56D}
		{8EEB8A72-6683-4ACC-9541-60C1CCE4F32B} = {55DADC26-9C87-4039-9DC9-9710ADCF1102}
		{30DE7E62-EFDC-46FF-965A-CAF30DB78776} = {FFF65AB8-D6C2-45D7-B6E3-4C151DA7A508}
	EndGlobalSection
	GlobalSection(ExtensibilityGlobals) = postSolution
		SolutionGuid = {C239870C-C90F-4014-9DB6-E2DAD84DDE2B}
	EndGlobalSection
EndGlobal
